// !$*UTF8*$!
{
	archiveVersion = 1;
	classes = {
	};
	objectVersion = 50;
	objects = {

/* Begin PBXBuildFile section */
		1A0E9F9E2200701100F67CDA /* TableViewCell.swift in Sources */ = {isa = PBXBuildFile; fileRef = 1A0E9F9D2200701100F67CDA /* TableViewCell.swift */; };
		1A712DDD22006C600056E7FF /* AppDelegate.swift in Sources */ = {isa = PBXBuildFile; fileRef = 1A712DDC22006C600056E7FF /* AppDelegate.swift */; };
		1A712DDF22006C600056E7FF /* ViewController.swift in Sources */ = {isa = PBXBuildFile; fileRef = 1A712DDE22006C600056E7FF /* ViewController.swift */; };
		1A712DE222006C600056E7FF /* Main.storyboard in Resources */ = {isa = PBXBuildFile; fileRef = 1A712DE022006C600056E7FF /* Main.storyboard */; };
		1A712DE422006C610056E7FF /* Assets.xcassets in Resources */ = {isa = PBXBuildFile; fileRef = 1A712DE322006C610056E7FF /* Assets.xcassets */; };
		1A712DE722006C610056E7FF /* LaunchScreen.storyboard in Resources */ = {isa = PBXBuildFile; fileRef = 1A712DE522006C610056E7FF /* LaunchScreen.storyboard */; };
		5D48A9562200753500D12587 /* CloudKit.framework in Frameworks */ = {isa = PBXBuildFile; fileRef = 5D48A9552200753500D12587 /* CloudKit.framework */; };
		5D48A958220075F500D12587 /* CloudKitManager.swift in Sources */ = {isa = PBXBuildFile; fileRef = 5D48A957220075F500D12587 /* CloudKitManager.swift */; };
/* End PBXBuildFile section */

/* Begin PBXFileReference section */
		1A0E9F9D2200701100F67CDA /* TableViewCell.swift */ = {isa = PBXFileReference; lastKnownFileType = sourcecode.swift; path = TableViewCell.swift; sourceTree = "<group>"; };
		1A712DD922006C600056E7FF /* DoacaoCK.app */ = {isa = PBXFileReference; explicitFileType = wrapper.application; includeInIndex = 0; path = DoacaoCK.app; sourceTree = BUILT_PRODUCTS_DIR; };
		1A712DDC22006C600056E7FF /* AppDelegate.swift */ = {isa = PBXFileReference; lastKnownFileType = sourcecode.swift; path = AppDelegate.swift; sourceTree = "<group>"; };
		1A712DDE22006C600056E7FF /* ViewController.swift */ = {isa = PBXFileReference; lastKnownFileType = sourcecode.swift; path = ViewController.swift; sourceTree = "<group>"; };
		1A712DE122006C600056E7FF /* Base */ = {isa = PBXFileReference; lastKnownFileType = file.storyboard; name = Base; path = Base.lproj/Main.storyboard; sourceTree = "<group>"; };
		1A712DE322006C610056E7FF /* Assets.xcassets */ = {isa = PBXFileReference; lastKnownFileType = folder.assetcatalog; path = Assets.xcassets; sourceTree = "<group>"; };
		1A712DE622006C610056E7FF /* Base */ = {isa = PBXFileReference; lastKnownFileType = file.storyboard; name = Base; path = Base.lproj/LaunchScreen.storyboard; sourceTree = "<group>"; };
		1A712DE822006C610056E7FF /* Info.plist */ = {isa = PBXFileReference; lastKnownFileType = text.plist.xml; path = Info.plist; sourceTree = "<group>"; };
		5D48A9532200752700D12587 /* DoacaoCK.entitlements */ = {isa = PBXFileReference; lastKnownFileType = text.plist.entitlements; path = DoacaoCK.entitlements; sourceTree = "<group>"; };
		5D48A9552200753500D12587 /* CloudKit.framework */ = {isa = PBXFileReference; lastKnownFileType = wrapper.framework; name = CloudKit.framework; path = System/Library/Frameworks/CloudKit.framework; sourceTree = SDKROOT; };
		5D48A957220075F500D12587 /* CloudKitManager.swift */ = {isa = PBXFileReference; lastKnownFileType = sourcecode.swift; path = CloudKitManager.swift; sourceTree = "<group>"; };
/* End PBXFileReference section */

/* Begin PBXFrameworksBuildPhase section */
		1A712DD622006C600056E7FF /* Frameworks */ = {
			isa = PBXFrameworksBuildPhase;
			buildActionMask = 2147483647;
			files = (
				5D48A9562200753500D12587 /* CloudKit.framework in Frameworks */,
			);
			runOnlyForDeploymentPostprocessing = 0;
		};
/* End PBXFrameworksBuildPhase section */

/* Begin PBXGroup section */
		1A712DD022006C600056E7FF = {
			isa = PBXGroup;
			children = (
				1A712DDB22006C600056E7FF /* DoacaoCK */,
				1A712DDA22006C600056E7FF /* Products */,
				5D48A9542200753500D12587 /* Frameworks */,
			);
			sourceTree = "<group>";
		};
		1A712DDA22006C600056E7FF /* Products */ = {
			isa = PBXGroup;
			children = (
				1A712DD922006C600056E7FF /* DoacaoCK.app */,
			);
			name = Products;
			sourceTree = "<group>";
		};
		1A712DDB22006C600056E7FF /* DoacaoCK */ = {
			isa = PBXGroup;
			children = (
				5D48A9532200752700D12587 /* DoacaoCK.entitlements */,
				1A712DDC22006C600056E7FF /* AppDelegate.swift */,
				5D48A957220075F500D12587 /* CloudKitManager.swift */,
				1A712DDE22006C600056E7FF /* ViewController.swift */,
				1A712DE022006C600056E7FF /* Main.storyboard */,
				1A0E9F9D2200701100F67CDA /* TableViewCell.swift */,
				1A712DE322006C610056E7FF /* Assets.xcassets */,
				1A712DE522006C610056E7FF /* LaunchScreen.storyboard */,
				1A712DE822006C610056E7FF /* Info.plist */,
			);
			path = DoacaoCK;
			sourceTree = "<group>";
		};
		5D48A9542200753500D12587 /* Frameworks */ = {
			isa = PBXGroup;
			children = (
				5D48A9552200753500D12587 /* CloudKit.framework */,
			);
			name = Frameworks;
			sourceTree = "<group>";
		};
/* End PBXGroup section */

/* Begin PBXNativeTarget section */
		1A712DD822006C600056E7FF /* DoacaoCK */ = {
			isa = PBXNativeTarget;
			buildConfigurationList = 1A712DEB22006C610056E7FF /* Build configuration list for PBXNativeTarget "DoacaoCK" */;
			buildPhases = (
				1A712DD522006C600056E7FF /* Sources */,
				1A712DD622006C600056E7FF /* Frameworks */,
				1A712DD722006C600056E7FF /* Resources */,
			);
			buildRules = (
			);
			dependencies = (
			);
			name = DoacaoCK;
			productName = DoacaoCK;
			productReference = 1A712DD922006C600056E7FF /* DoacaoCK.app */;
			productType = "com.apple.product-type.application";
		};
/* End PBXNativeTarget section */

/* Begin PBXProject section */
		1A712DD122006C600056E7FF /* Project object */ = {
			isa = PBXProject;
			attributes = {
				LastSwiftUpdateCheck = 1010;
				LastUpgradeCheck = 1010;
				ORGANIZATIONNAME = "Alcides Junior";
				TargetAttributes = {
					1A712DD822006C600056E7FF = {
						CreatedOnToolsVersion = 10.1;
						SystemCapabilities = {
							com.apple.Push = {
								enabled = 1;
							};
							com.apple.iCloud = {
								enabled = 1;
							};
						};
					};
				};
			};
			buildConfigurationList = 1A712DD422006C600056E7FF /* Build configuration list for PBXProject "DoacaoCK" */;
			compatibilityVersion = "Xcode 9.3";
			developmentRegion = en;
			hasScannedForEncodings = 0;
			knownRegions = (
				en,
				Base,
			);
			mainGroup = 1A712DD022006C600056E7FF;
			productRefGroup = 1A712DDA22006C600056E7FF /* Products */;
			projectDirPath = "";
			projectRoot = "";
			targets = (
				1A712DD822006C600056E7FF /* DoacaoCK */,
			);
		};
/* End PBXProject section */

/* Begin PBXResourcesBuildPhase section */
		1A712DD722006C600056E7FF /* Resources */ = {
			isa = PBXResourcesBuildPhase;
			buildActionMask = 2147483647;
			files = (
				1A712DE722006C610056E7FF /* LaunchScreen.storyboard in Resources */,
				1A712DE422006C610056E7FF /* Assets.xcassets in Resources */,
				1A712DE222006C600056E7FF /* Main.storyboard in Resources */,
			);
			runOnlyForDeploymentPostprocessing = 0;
		};
/* End PBXResourcesBuildPhase section */

/* Begin PBXSourcesBuildPhase section */
		1A712DD522006C600056E7FF /* Sources */ = {
			isa = PBXSourcesBuildPhase;
			buildActionMask = 2147483647;
			files = (
				1A0E9F9E2200701100F67CDA /* TableViewCell.swift in Sources */,
				1A712DDF22006C600056E7FF /* ViewController.swift in Sources */,
				5D48A958220075F500D12587 /* CloudKitManager.swift in Sources */,
				1A712DDD22006C600056E7FF /* AppDelegate.swift in Sources */,
			);
			runOnlyForDeploymentPostprocessing = 0;
		};
/* End PBXSourcesBuildPhase section */

/* Begin PBXVariantGroup section */
		1A712DE022006C600056E7FF /* Main.storyboard */ = {
			isa = PBXVariantGroup;
			children = (
				1A712DE122006C600056E7FF /* Base */,
			);
			name = Main.storyboard;
			sourceTree = "<group>";
		};
		1A712DE522006C610056E7FF /* LaunchScreen.storyboard */ = {
			isa = PBXVariantGroup;
			children = (
				1A712DE622006C610056E7FF /* Base */,
			);
			name = LaunchScreen.storyboard;
			sourceTree = "<group>";
		};
/* End PBXVariantGroup section */

/* Begin XCBuildConfiguration section */
		1A712DE922006C610056E7FF /* Debug */ = {
			isa = XCBuildConfiguration;
			buildSettings = {
				ALWAYS_SEARCH_USER_PATHS = NO;
				CLANG_ANALYZER_NONNULL = YES;
				CLANG_ANALYZER_NUMBER_OBJECT_CONVERSION = YES_AGGRESSIVE;
				CLANG_CXX_LANGUAGE_STANDARD = "gnu++14";
				CLANG_CXX_LIBRARY = "libc++";
				CLANG_ENABLE_MODULES = YES;
				CLANG_ENABLE_OBJC_ARC = YES;
				CLANG_ENABLE_OBJC_WEAK = YES;
				CLANG_WARN_BLOCK_CAPTURE_AUTORELEASING = YES;
				CLANG_WARN_BOOL_CONVERSION = YES;
				CLANG_WARN_COMMA = YES;
				CLANG_WARN_CONSTANT_CONVERSION = YES;
				CLANG_WARN_DEPRECATED_OBJC_IMPLEMENTATIONS = YES;
				CLANG_WARN_DIRECT_OBJC_ISA_USAGE = YES_ERROR;
				CLANG_WARN_DOCUMENTATION_COMMENTS = YES;
				CLANG_WARN_EMPTY_BODY = YES;
				CLANG_WARN_ENUM_CONVERSION = YES;
				CLANG_WARN_INFINITE_RECURSION = YES;
				CLANG_WARN_INT_CONVERSION = YES;
				CLANG_WARN_NON_LITERAL_NULL_CONVERSION = YES;
				CLANG_WARN_OBJC_IMPLICIT_RETAIN_SELF = YES;
				CLANG_WARN_OBJC_LITERAL_CONVERSION = YES;
				CLANG_WARN_OBJC_ROOT_CLASS = YES_ERROR;
				CLANG_WARN_RANGE_LOOP_ANALYSIS = YES;
				CLANG_WARN_STRICT_PROTOTYPES = YES;
				CLANG_WARN_SUSPICIOUS_MOVE = YES;
				CLANG_WARN_UNGUARDED_AVAILABILITY = YES_AGGRESSIVE;
				CLANG_WARN_UNREACHABLE_CODE = YES;
				CLANG_WARN__DUPLICATE_METHOD_MATCH = YES;
				CODE_SIGN_IDENTITY = "iPhone Developer";
				COPY_PHASE_STRIP = NO;
				DEBUG_INFORMATION_FORMAT = dwarf;
				ENABLE_STRICT_OBJC_MSGSEND = YES;
				ENABLE_TESTABILITY = YES;
				GCC_C_LANGUAGE_STANDARD = gnu11;
				GCC_DYNAMIC_NO_PIC = NO;
				GCC_NO_COMMON_BLOCKS = YES;
				GCC_OPTIMIZATION_LEVEL = 0;
				GCC_PREPROCESSOR_DEFINITIONS = (
					"DEBUG=1",
					"$(inherited)",
				);
				GCC_WARN_64_TO_32_BIT_CONVERSION = YES;
				GCC_WARN_ABOUT_RETURN_TYPE = YES_ERROR;
				GCC_WARN_UNDECLARED_SELECTOR = YES;
				GCC_WARN_UNINITIALIZED_AUTOS = YES_AGGRESSIVE;
				GCC_WARN_UNUSED_FUNCTION = YES;
				GCC_WARN_UNUSED_VARIABLE = YES;
				IPHONEOS_DEPLOYMENT_TARGET = 12.1;
				MTL_ENABLE_DEBUG_INFO = INCLUDE_SOURCE;
				MTL_FAST_MATH = YES;
				ONLY_ACTIVE_ARCH = YES;
				SDKROOT = iphoneos;
				SWIFT_ACTIVE_COMPILATION_CONDITIONS = DEBUG;
				SWIFT_OPTIMIZATION_LEVEL = "-Onone";
			};
			name = Debug;
		};
		1A712DEA22006C610056E7FF /* Release */ = {
			isa = XCBuildConfiguration;
			buildSettings = {
				ALWAYS_SEARCH_USER_PATHS = NO;
				CLANG_ANALYZER_NONNULL = YES;
				CLANG_ANALYZER_NUMBER_OBJECT_CONVERSION = YES_AGGRESSIVE;
				CLANG_CXX_LANGUAGE_STANDARD = "gnu++14";
				CLANG_CXX_LIBRARY = "libc++";
				CLANG_ENABLE_MODULES = YES;
				CLANG_ENABLE_OBJC_ARC = YES;
				CLANG_ENABLE_OBJC_WEAK = YES;
				CLANG_WARN_BLOCK_CAPTURE_AUTORELEASING = YES;
				CLANG_WARN_BOOL_CONVERSION = YES;
				CLANG_WARN_COMMA = YES;
				CLANG_WARN_CONSTANT_CONVERSION = YES;
				CLANG_WARN_DEPRECATED_OBJC_IMPLEMENTATIONS = YES;
				CLANG_WARN_DIRECT_OBJC_ISA_USAGE = YES_ERROR;
				CLANG_WARN_DOCUMENTATION_COMMENTS = YES;
				CLANG_WARN_EMPTY_BODY = YES;
				CLANG_WARN_ENUM_CONVERSION = YES;
				CLANG_WARN_INFINITE_RECURSION = YES;
				CLANG_WARN_INT_CONVERSION = YES;
				CLANG_WARN_NON_LITERAL_NULL_CONVERSION = YES;
				CLANG_WARN_OBJC_IMPLICIT_RETAIN_SELF = YES;
				CLANG_WARN_OBJC_LITERAL_CONVERSION = YES;
				CLANG_WARN_OBJC_ROOT_CLASS = YES_ERROR;
				CLANG_WARN_RANGE_LOOP_ANALYSIS = YES;
				CLANG_WARN_STRICT_PROTOTYPES = YES;
				CLANG_WARN_SUSPICIOUS_MOVE = YES;
				CLANG_WARN_UNGUARDED_AVAILABILITY = YES_AGGRESSIVE;
				CLANG_WARN_UNREACHABLE_CODE = YES;
				CLANG_WARN__DUPLICATE_METHOD_MATCH = YES;
				CODE_SIGN_IDENTITY = "iPhone Developer";
				COPY_PHASE_STRIP = NO;
				DEBUG_INFORMATION_FORMAT = "dwarf-with-dsym";
				ENABLE_NS_ASSERTIONS = NO;
				ENABLE_STRICT_OBJC_MSGSEND = YES;
				GCC_C_LANGUAGE_STANDARD = gnu11;
				GCC_NO_COMMON_BLOCKS = YES;
				GCC_WARN_64_TO_32_BIT_CONVERSION = YES;
				GCC_WARN_ABOUT_RETURN_TYPE = YES_ERROR;
				GCC_WARN_UNDECLARED_SELECTOR = YES;
				GCC_WARN_UNINITIALIZED_AUTOS = YES_AGGRESSIVE;
				GCC_WARN_UNUSED_FUNCTION = YES;
				GCC_WARN_UNUSED_VARIABLE = YES;
				IPHONEOS_DEPLOYMENT_TARGET = 12.1;
				MTL_ENABLE_DEBUG_INFO = NO;
				MTL_FAST_MATH = YES;
				SDKROOT = iphoneos;
				SWIFT_COMPILATION_MODE = wholemodule;
				SWIFT_OPTIMIZATION_LEVEL = "-O";
				VALIDATE_PRODUCT = YES;
			};
			name = Release;
		};
		1A712DEC22006C610056E7FF /* Debug */ = {
			isa = XCBuildConfiguration;
			buildSettings = {
				ASSETCATALOG_COMPILER_APPICON_NAME = AppIcon;
				CODE_SIGN_ENTITLEMENTS = DoacaoCK/DoacaoCK.entitlements;
				CODE_SIGN_STYLE = Automatic;
				DEVELOPMENT_TEAM = 7SH46749RP;
				INFOPLIST_FILE = DoacaoCK/Info.plist;
				LD_RUNPATH_SEARCH_PATHS = (
					"$(inherited)",
					"@executable_path/Frameworks",
				);
				PRODUCT_BUNDLE_IDENTIFIER = com.alcides.DoacaoCK.rbs;
				PRODUCT_NAME = "$(TARGET_NAME)";
				SWIFT_VERSION = 4.2;
				TARGETED_DEVICE_FAMILY = "1,2";
			};
			name = Debug;
		};
		1A712DED22006C610056E7FF /* Release */ = {
			isa = XCBuildConfiguration;
			buildSettings = {
				ASSETCATALOG_COMPILER_APPICON_NAME = AppIcon;
				CODE_SIGN_ENTITLEMENTS = DoacaoCK/DoacaoCK.entitlements;
				CODE_SIGN_STYLE = Automatic;
				DEVELOPMENT_TEAM = 7SH46749RP;
				INFOPLIST_FILE = DoacaoCK/Info.plist;
				LD_RUNPATH_SEARCH_PATHS = (
					"$(inherited)",
					"@executable_path/Frameworks",
				);
				PRODUCT_BUNDLE_IDENTIFIER = com.alcides.DoacaoCK.rbs;
				PRODUCT_NAME = "$(TARGET_NAME)";
				SWIFT_VERSION = 4.2;
				TARGETED_DEVICE_FAMILY = "1,2";
			};
			name = Release;
		};
/* End XCBuildConfiguration section */

/* Begin XCConfigurationList section */
		1A712DD422006C600056E7FF /* Build configuration list for PBXProject "DoacaoCK" */ = {
			isa = XCConfigurationList;
			buildConfigurations = (
				1A712DE922006C610056E7FF /* Debug */,
				1A712DEA22006C610056E7FF /* Release */,
			);
			defaultConfigurationIsVisible = 0;
			defaultConfigurationName = Release;
		};
		1A712DEB22006C610056E7FF /* Build configuration list for PBXNativeTarget "DoacaoCK" */ = {
			isa = XCConfigurationList;
			buildConfigurations = (
				1A712DEC22006C610056E7FF /* Debug */,
				1A712DED22006C610056E7FF /* Release */,
			);
			defaultConfigurationIsVisible = 0;
			defaultConfigurationName = Release;
		};
/* End XCConfigurationList section */
	};
	rootObject = 1A712DD122006C600056E7FF /* Project object */;
}
